
Microsoft Visual Studio Solution File, Format Version 12.00
# Visual Studio Version 17
VisualStudioVersion = 17.5.33530.505
MinimumVisualStudioVersion = 10.0.40219.1
Project("{FAE04EC0-301F-11D3-BF4B-00C04F79EFBC}") = "SortingWordsByLetters.Logic", "SortingWordsByLetters.Logic\SortingWordsByLetters.Logic.csproj", "{7BE726CA-1E0A-412A-88F7-8C4F6B17E48C}"
EndProject
Project("{9A19103F-16F7-4668-BE54-9A1E7A4F7556}") = "SortingWordsByLetters.Test", "SortingWordsByLetters.Test\SortingWordsByLetters.Test.csproj", "{3B081E33-2794-4107-870C-36125CF50D95}"
EndProject
Global
	GlobalSection(SolutionConfigurationPlatforms) = preSolution
		Debug|Any CPU = Debug|Any CPU
		Release|Any CPU = Release|Any CPU
	EndGlobalSection
	GlobalSection(ProjectConfigurationPlatforms) = postSolution
		{7BE726CA-1E0A-412A-88F7-8C4F6B17E48C}.Debug|Any CPU.ActiveCfg = Debug|Any CPU
		{7BE726CA-1E0A-412A-88F7-8C4F6B17E48C}.Debug|Any CPU.Build.0 = Debug|Any CPU
		{7BE726CA-1E0A-412A-88F7-8C4F6B17E48C}.Release|Any CPU.ActiveCfg = Release|Any CPU
		{7BE726CA-1E0A-412A-88F7-8C4F6B17E48C}.Release|Any CPU.Build.0 = Release|Any CPU
		{3B081E33-2794-4107-870C-36125CF50D95}.Debug|Any CPU.ActiveCfg = Debug|Any CPU
		{3B081E33-2794-4107-870C-36125CF50D95}.Debug|Any CPU.Build.0 = Debug|Any CPU
		{3B081E33-2794-4107-870C-36125CF50D95}.Release|Any CPU.ActiveCfg = Release|Any CPU
		{3B081E33-2794-4107-870C-36125CF50D95}.Release|Any CPU.Build.0 = Release|Any CPU
	EndGlobalSection
	GlobalSection(SolutionProperties) = preSolution
		HideSolutionNode = FALSE
	EndGlobalSection
	GlobalSection(ExtensibilityGlobals) = postSolution
		SolutionGuid = {0494386B-5111-4409-BBFF-B92F99438253}
	EndGlobalSection
EndGlobal
